
Microsoft Visual Studio Solution File, Format Version 12.00
# Visual Studio Version 17
VisualStudioVersion = 17.3.32929.385
MinimumVisualStudioVersion = 10.0.40219.1
Project("{FAE04EC0-301F-11D3-BF4B-00C04F79EFBC}") = "HotelProject.Web", "HotelProject.Web\HotelProject.Web.csproj", "{2E9B0AE3-91BD-4B26-B5E5-D842B0B60DF9}"
EndProject
Project("{FAE04EC0-301F-11D3-BF4B-00C04F79EFBC}") = "HotelProject.BLL", "HotelProject.BLL\HotelProject.BLL.csproj", "{BF739168-70E2-409C-9D99-07F074E5DB85}"
EndProject
Project("{FAE04EC0-301F-11D3-BF4B-00C04F79EFBC}") = "HotelProject.Models", "HotelProject.Models\HotelProject.Models.csproj", "{640A2A72-6228-4471-AB41-79758BE912DE}"
EndProject
Project("{FAE04EC0-301F-11D3-BF4B-00C04F79EFBC}") = "HotelProject.ViewModels", "HotelProject.ViewModels\HotelProject.ViewModels.csproj", "{B9A67C49-52C9-4B8D-9F80-B0490FE1DAD4}"
EndProject
Project("{FAE04EC0-301F-11D3-BF4B-00C04F79EFBC}") = "HotelProject.Utility", "HotelProject.Utility\HotelProject.Utility.csproj", "{3404F39F-6B13-4342-AFD1-C528CDEEC0A1}"
EndProject
Project("{FAE04EC0-301F-11D3-BF4B-00C04F79EFBC}") = "HotelProject.Services", "HotelProject.Services\HotelProject.Services.csproj", "{21F94871-E43C-49F7-909E-8FC41156B9DF}"
EndProject
Global
	GlobalSection(SolutionConfigurationPlatforms) = preSolution
		Debug|Any CPU = Debug|Any CPU
		Release|Any CPU = Release|Any CPU
	EndGlobalSection
	GlobalSection(ProjectConfigurationPlatforms) = postSolution
		{2E9B0AE3-91BD-4B26-B5E5-D842B0B60DF9}.Debug|Any CPU.ActiveCfg = Debug|Any CPU
		{2E9B0AE3-91BD-4B26-B5E5-D842B0B60DF9}.Debug|Any CPU.Build.0 = Debug|Any CPU
		{2E9B0AE3-91BD-4B26-B5E5-D842B0B60DF9}.Release|Any CPU.ActiveCfg = Release|Any CPU
		{2E9B0AE3-91BD-4B26-B5E5-D842B0B60DF9}.Release|Any CPU.Build.0 = Release|Any CPU
		{BF739168-70E2-409C-9D99-07F074E5DB85}.Debug|Any CPU.ActiveCfg = Debug|Any CPU
		{BF739168-70E2-409C-9D99-07F074E5DB85}.Debug|Any CPU.Build.0 = Debug|Any CPU
		{BF739168-70E2-409C-9D99-07F074E5DB85}.Release|Any CPU.ActiveCfg = Release|Any CPU
		{BF739168-70E2-409C-9D99-07F074E5DB85}.Release|Any CPU.Build.0 = Release|Any CPU
		{640A2A72-6228-4471-AB41-79758BE912DE}.Debug|Any CPU.ActiveCfg = Debug|Any CPU
		{640A2A72-6228-4471-AB41-79758BE912DE}.Debug|Any CPU.Build.0 = Debug|Any CPU
		{640A2A72-6228-4471-AB41-79758BE912DE}.Release|Any CPU.ActiveCfg = Release|Any CPU
		{640A2A72-6228-4471-AB41-79758BE912DE}.Release|Any CPU.Build.0 = Release|Any CPU
		{B9A67C49-52C9-4B8D-9F80-B0490FE1DAD4}.Debug|Any CPU.ActiveCfg = Debug|Any CPU
		{B9A67C49-52C9-4B8D-9F80-B0490FE1DAD4}.Debug|Any CPU.Build.0 = Debug|Any CPU
		{B9A67C49-52C9-4B8D-9F80-B0490FE1DAD4}.Release|Any CPU.ActiveCfg = Release|Any CPU
		{B9A67C49-52C9-4B8D-9F80-B0490FE1DAD4}.Release|Any CPU.Build.0 = Release|Any CPU
		{3404F39F-6B13-4342-AFD1-C528CDEEC0A1}.Debug|Any CPU.ActiveCfg = Debug|Any CPU
		{3404F39F-6B13-4342-AFD1-C528CDEEC0A1}.Debug|Any CPU.Build.0 = Debug|Any CPU
		{3404F39F-6B13-4342-AFD1-C528CDEEC0A1}.Release|Any CPU.ActiveCfg = Release|Any CPU
		{3404F39F-6B13-4342-AFD1-C528CDEEC0A1}.Release|Any CPU.Build.0 = Release|Any CPU
		{21F94871-E43C-49F7-909E-8FC41156B9DF}.Debug|Any CPU.ActiveCfg = Debug|Any CPU
		{21F94871-E43C-49F7-909E-8FC41156B9DF}.Debug|Any CPU.Build.0 = Debug|Any CPU
		{21F94871-E43C-49F7-909E-8FC41156B9DF}.Release|Any CPU.ActiveCfg = Release|Any CPU
		{21F94871-E43C-49F7-909E-8FC41156B9DF}.Release|Any CPU.Build.0 = Release|Any CPU
	EndGlobalSection
	GlobalSection(SolutionProperties) = preSolution
		HideSolutionNode = FALSE
	EndGlobalSection
	GlobalSection(ExtensibilityGlobals) = postSolution
		SolutionGuid = {7E0B4835-3F24-4EB8-8E3F-B75967A061E9}
	EndGlobalSection
EndGlobal
